
Microsoft Visual Studio Solution File, Format Version 12.00
# Visual Studio Version 16
VisualStudioVersion = 16.0.30114.105
MinimumVisualStudioVersion = 10.0.40219.1
Project("{2150E333-8FDC-42A3-9474-1A3956D46DE8}") = "Domain", "Domain", "{4FD80B4E-68EE-4256-86B6-8C6C6E45EFDE}"
EndProject
Project("{FAE04EC0-301F-11D3-BF4B-00C04F79EFBC}") = "MyVoby.Domain.Core", "Domain\MyVoby.Domain.Core\MyVoby.Domain.Core.csproj", "{97D3DA6F-98AF-4018-A06E-48D03753C7C7}"
EndProject
Project("{2150E333-8FDC-42A3-9474-1A3956D46DE8}") = "Infra", "Infra", "{5FA21B14-BBD8-4F3E-86D1-58F88006DCD7}"
EndProject
Project("{2150E333-8FDC-42A3-9474-1A3956D46DE8}") = "Bus", "Bus", "{B7ACA285-D3CF-4A8E-8962-6DD543349DA4}"
EndProject
Project("{FAE04EC0-301F-11D3-BF4B-00C04F79EFBC}") = "MyVoby.Infra.Bus", "Infra\Bus\MyVoby.Infra.Bus\MyVoby.Infra.Bus.csproj", "{9D6AB21B-56C7-4AC0-A16B-EE96826659E6}"
EndProject
Project("{2150E333-8FDC-42A3-9474-1A3956D46DE8}") = "IoC", "IoC", "{5FC67106-1EDF-4657-BE8E-3EAB6453879A}"
EndProject
Project("{FAE04EC0-301F-11D3-BF4B-00C04F79EFBC}") = "MyVoby.Infra.IoC", "Infra\IoC\MyVoby.Infra.IoC\MyVoby.Infra.IoC.csproj", "{3EEE8AA6-2E61-4661-9D28-7EDD6A5B3D01}"
EndProject
Project("{2150E333-8FDC-42A3-9474-1A3956D46DE8}") = "Microservices", "Microservices", "{1C7814EE-6CF9-4835-8C2D-6829A105BD27}"
EndProject
Project("{2150E333-8FDC-42A3-9474-1A3956D46DE8}") = "Banking", "Banking", "{D348F1F2-8219-4077-B4AD-B2886C218A3D}"
EndProject
Project("{2150E333-8FDC-42A3-9474-1A3956D46DE8}") = "Api", "Api", "{84A5A528-78C5-489D-89EF-370DF336C8DB}"
EndProject
Project("{FAE04EC0-301F-11D3-BF4B-00C04F79EFBC}") = "MyVoby.Banking.Api", "Microservices\Banking\Api\MyVoby.Banking.Api\MyVoby.Banking.Api.csproj", "{0DAAA998-2C57-4D7D-934E-216B7AA07FD3}"
EndProject
Project("{2150E333-8FDC-42A3-9474-1A3956D46DE8}") = "Application", "Application", "{7DD80749-0F3D-4172-8600-A8961AE3C271}"
EndProject
Project("{FAE04EC0-301F-11D3-BF4B-00C04F79EFBC}") = "MyVoby.Banking.Application", "Microservices\Banking\Application\MyVoby.Banking.Application\MyVoby.Banking.Application.csproj", "{29194308-2EC8-4754-8909-2CB8D48B2CCD}"
EndProject
Project("{2150E333-8FDC-42A3-9474-1A3956D46DE8}") = "Data", "Data", "{D93A8396-C8F9-4CA0-BE51-4FFCE97E118D}"
EndProject
Project("{FAE04EC0-301F-11D3-BF4B-00C04F79EFBC}") = "MyVoby.Banking.Data", "Microservices\Banking\Data\MyVoby.Banking.Data\MyVoby.Banking.Data.csproj", "{AE963E96-F3A2-468D-8CE5-A9C46EFC6C94}"
EndProject
Project("{2150E333-8FDC-42A3-9474-1A3956D46DE8}") = "Domain", "Domain", "{12613443-1343-4440-B887-8DAA7F4DCDBA}"
EndProject
Project("{FAE04EC0-301F-11D3-BF4B-00C04F79EFBC}") = "MyVoby.Banking.Domain", "Microservices\Banking\Domain\MyVoby.Banking.Domain\MyVoby.Banking.Domain.csproj", "{3CA8ABA1-8578-4666-8680-18101CB71B63}"
EndProject
Global
	GlobalSection(SolutionConfigurationPlatforms) = preSolution
		Debug|Any CPU = Debug|Any CPU
		Release|Any CPU = Release|Any CPU
	EndGlobalSection
	GlobalSection(SolutionProperties) = preSolution
		HideSolutionNode = FALSE
	EndGlobalSection
	GlobalSection(ProjectConfigurationPlatforms) = postSolution
		{97D3DA6F-98AF-4018-A06E-48D03753C7C7}.Debug|Any CPU.ActiveCfg = Debug|Any CPU
		{97D3DA6F-98AF-4018-A06E-48D03753C7C7}.Debug|Any CPU.Build.0 = Debug|Any CPU
		{97D3DA6F-98AF-4018-A06E-48D03753C7C7}.Release|Any CPU.ActiveCfg = Release|Any CPU
		{97D3DA6F-98AF-4018-A06E-48D03753C7C7}.Release|Any CPU.Build.0 = Release|Any CPU
		{9D6AB21B-56C7-4AC0-A16B-EE96826659E6}.Debug|Any CPU.ActiveCfg = Debug|Any CPU
		{9D6AB21B-56C7-4AC0-A16B-EE96826659E6}.Debug|Any CPU.Build.0 = Debug|Any CPU
		{9D6AB21B-56C7-4AC0-A16B-EE96826659E6}.Release|Any CPU.ActiveCfg = Release|Any CPU
		{9D6AB21B-56C7-4AC0-A16B-EE96826659E6}.Release|Any CPU.Build.0 = Release|Any CPU
		{3EEE8AA6-2E61-4661-9D28-7EDD6A5B3D01}.Debug|Any CPU.ActiveCfg = Debug|Any CPU
		{3EEE8AA6-2E61-4661-9D28-7EDD6A5B3D01}.Debug|Any CPU.Build.0 = Debug|Any CPU
		{3EEE8AA6-2E61-4661-9D28-7EDD6A5B3D01}.Release|Any CPU.ActiveCfg = Release|Any CPU
		{3EEE8AA6-2E61-4661-9D28-7EDD6A5B3D01}.Release|Any CPU.Build.0 = Release|Any CPU
		{0DAAA998-2C57-4D7D-934E-216B7AA07FD3}.Debug|Any CPU.ActiveCfg = Debug|Any CPU
		{0DAAA998-2C57-4D7D-934E-216B7AA07FD3}.Debug|Any CPU.Build.0 = Debug|Any CPU
		{0DAAA998-2C57-4D7D-934E-216B7AA07FD3}.Release|Any CPU.ActiveCfg = Release|Any CPU
		{0DAAA998-2C57-4D7D-934E-216B7AA07FD3}.Release|Any CPU.Build.0 = Release|Any CPU
		{29194308-2EC8-4754-8909-2CB8D48B2CCD}.Debug|Any CPU.ActiveCfg = Debug|Any CPU
		{29194308-2EC8-4754-8909-2CB8D48B2CCD}.Debug|Any CPU.Build.0 = Debug|Any CPU
		{29194308-2EC8-4754-8909-2CB8D48B2CCD}.Release|Any CPU.ActiveCfg = Release|Any CPU
		{29194308-2EC8-4754-8909-2CB8D48B2CCD}.Release|Any CPU.Build.0 = Release|Any CPU
		{AE963E96-F3A2-468D-8CE5-A9C46EFC6C94}.Debug|Any CPU.ActiveCfg = Debug|Any CPU
		{AE963E96-F3A2-468D-8CE5-A9C46EFC6C94}.Debug|Any CPU.Build.0 = Debug|Any CPU
		{AE963E96-F3A2-468D-8CE5-A9C46EFC6C94}.Release|Any CPU.ActiveCfg = Release|Any CPU
		{AE963E96-F3A2-468D-8CE5-A9C46EFC6C94}.Release|Any CPU.Build.0 = Release|Any CPU
		{3CA8ABA1-8578-4666-8680-18101CB71B63}.Debug|Any CPU.ActiveCfg = Debug|Any CPU
		{3CA8ABA1-8578-4666-8680-18101CB71B63}.Debug|Any CPU.Build.0 = Debug|Any CPU
		{3CA8ABA1-8578-4666-8680-18101CB71B63}.Release|Any CPU.ActiveCfg = Release|Any CPU
		{3CA8ABA1-8578-4666-8680-18101CB71B63}.Release|Any CPU.Build.0 = Release|Any CPU
	EndGlobalSection
	GlobalSection(NestedProjects) = preSolution
		{97D3DA6F-98AF-4018-A06E-48D03753C7C7} = {4FD80B4E-68EE-4256-86B6-8C6C6E45EFDE}
		{B7ACA285-D3CF-4A8E-8962-6DD543349DA4} = {5FA21B14-BBD8-4F3E-86D1-58F88006DCD7}
		{9D6AB21B-56C7-4AC0-A16B-EE96826659E6} = {B7ACA285-D3CF-4A8E-8962-6DD543349DA4}
		{5FC67106-1EDF-4657-BE8E-3EAB6453879A} = {5FA21B14-BBD8-4F3E-86D1-58F88006DCD7}
		{3EEE8AA6-2E61-4661-9D28-7EDD6A5B3D01} = {5FC67106-1EDF-4657-BE8E-3EAB6453879A}
		{D348F1F2-8219-4077-B4AD-B2886C218A3D} = {1C7814EE-6CF9-4835-8C2D-6829A105BD27}
		{84A5A528-78C5-489D-89EF-370DF336C8DB} = {D348F1F2-8219-4077-B4AD-B2886C218A3D}
		{0DAAA998-2C57-4D7D-934E-216B7AA07FD3} = {84A5A528-78C5-489D-89EF-370DF336C8DB}
		{7DD80749-0F3D-4172-8600-A8961AE3C271} = {D348F1F2-8219-4077-B4AD-B2886C218A3D}
		{29194308-2EC8-4754-8909-2CB8D48B2CCD} = {7DD80749-0F3D-4172-8600-A8961AE3C271}
		{D93A8396-C8F9-4CA0-BE51-4FFCE97E118D} = {D348F1F2-8219-4077-B4AD-B2886C218A3D}
		{AE963E96-F3A2-468D-8CE5-A9C46EFC6C94} = {D93A8396-C8F9-4CA0-BE51-4FFCE97E118D}
		{12613443-1343-4440-B887-8DAA7F4DCDBA} = {D348F1F2-8219-4077-B4AD-B2886C218A3D}
		{3CA8ABA1-8578-4666-8680-18101CB71B63} = {12613443-1343-4440-B887-8DAA7F4DCDBA}
	EndGlobalSection
EndGlobal
